
Microsoft Visual Studio Solution File, Format Version 12.00
# Visual Studio Version 16
VisualStudioVersion = 16.0.31624.102
MinimumVisualStudioVersion = 10.0.40219.1
Project("{9A19103F-16F7-4668-BE54-9A1E7A4F7556}") = "WebShop", "WebShop.csproj", "{0F0E4BF5-2797-4139-B99B-3C6808657D27}"
EndProject
Global
	GlobalSection(SolutionConfigurationPlatforms) = preSolution
		Debug|Any CPU = Debug|Any CPU
		Release|Any CPU = Release|Any CPU
	EndGlobalSection
	GlobalSection(ProjectConfigurationPlatforms) = postSolution
		{0F0E4BF5-2797-4139-B99B-3C6808657D27}.Debug|Any CPU.ActiveCfg = Debug|Any CPU
		{0F0E4BF5-2797-4139-B99B-3C6808657D27}.Debug|Any CPU.Build.0 = Debug|Any CPU
		{0F0E4BF5-2797-4139-B99B-3C6808657D27}.Release|Any CPU.ActiveCfg = Release|Any CPU
		{0F0E4BF5-2797-4139-B99B-3C6808657D27}.Release|Any CPU.Build.0 = Release|Any CPU
	EndGlobalSection
	GlobalSection(SolutionProperties) = preSolution
		HideSolutionNode = FALSE
	EndGlobalSection
	GlobalSection(ExtensibilityGlobals) = postSolution
		SolutionGuid = {239152FB-B25E-4B38-838A-79A0D6CD376A}
	EndGlobalSection
EndGlobal
